
Microsoft Visual Studio Solution File, Format Version 12.00
# Visual Studio Version 17
VisualStudioVersion = 17.9.34723.18
MinimumVisualStudioVersion = 10.0.40219.1
Project("{8BC9CEB8-8B4A-11D0-8D11-00A0C91BC942}") = "linecounter", "linecounter.vcxproj", "{446E6E5E-36F9-4F8B-9AFD-46B5286BEBA2}"
EndProject
Global
	GlobalSection(SolutionConfigurationPlatforms) = preSolution
		Debug|x64 = Debug|x64
		Debug|x86 = Debug|x86
		Release|x64 = Release|x64
		Release|x86 = Release|x86
	EndGlobalSection
	GlobalSection(ProjectConfigurationPlatforms) = postSolution
		{446E6E5E-36F9-4F8B-9AFD-46B5286BEBA2}.Debug|x64.ActiveCfg = Debug|x64
		{446E6E5E-36F9-4F8B-9AFD-46B5286BEBA2}.Debug|x64.Build.0 = Debug|x64
		{446E6E5E-36F9-4F8B-9AFD-46B5286BEBA2}.Debug|x86.ActiveCfg = Debug|Win32
		{446E6E5E-36F9-4F8B-9AFD-46B5286BEBA2}.Debug|x86.Build.0 = Debug|Win32
		{446E6E5E-36F9-4F8B-9AFD-46B5286BEBA2}.Release|x64.ActiveCfg = Release|x64
		{446E6E5E-36F9-4F8B-9AFD-46B5286BEBA2}.Release|x64.Build.0 = Release|x64
		{446E6E5E-36F9-4F8B-9AFD-46B5286BEBA2}.Release|x86.ActiveCfg = Release|Win32
		{446E6E5E-36F9-4F8B-9AFD-46B5286BEBA2}.Release|x86.Build.0 = Release|Win32
	EndGlobalSection
	GlobalSection(SolutionProperties) = preSolution
		HideSolutionNode = FALSE
	EndGlobalSection
	GlobalSection(ExtensibilityGlobals) = postSolution
		SolutionGuid = {47C67DE7-41CF-44E0-BD2C-4FCA78D068E2}
	EndGlobalSection
EndGlobal
